
Microsoft Visual Studio Solution File, Format Version 12.00
# Visual Studio Version 16
VisualStudioVersion = 16.0.29709.97
MinimumVisualStudioVersion = 10.0.40219.1
Project("{FAE04EC0-301F-11D3-BF4B-00C04F79EFBC}") = "GameOfLifeAppl", "GameOfLifeAppl\GameOfLifeAppl.csproj", "{A906D1F8-1954-4ED2-8633-1899FCCE39B3}"
EndProject
Project("{FAE04EC0-301F-11D3-BF4B-00C04F79EFBC}") = "GameOfLifeTests", "GameOfLifeTests\GameOfLifeTests.csproj", "{DE943885-D4CE-49CC-887C-35D7EB38B8B3}"
EndProject
Global
	GlobalSection(SolutionConfigurationPlatforms) = preSolution
		Debug|Any CPU = Debug|Any CPU
		Release|Any CPU = Release|Any CPU
	EndGlobalSection
	GlobalSection(ProjectConfigurationPlatforms) = postSolution
		{A906D1F8-1954-4ED2-8633-1899FCCE39B3}.Debug|Any CPU.ActiveCfg = Debug|Any CPU
		{A906D1F8-1954-4ED2-8633-1899FCCE39B3}.Debug|Any CPU.Build.0 = Debug|Any CPU
		{A906D1F8-1954-4ED2-8633-1899FCCE39B3}.Release|Any CPU.ActiveCfg = Release|Any CPU
		{A906D1F8-1954-4ED2-8633-1899FCCE39B3}.Release|Any CPU.Build.0 = Release|Any CPU
		{DE943885-D4CE-49CC-887C-35D7EB38B8B3}.Debug|Any CPU.ActiveCfg = Debug|Any CPU
		{DE943885-D4CE-49CC-887C-35D7EB38B8B3}.Debug|Any CPU.Build.0 = Debug|Any CPU
		{DE943885-D4CE-49CC-887C-35D7EB38B8B3}.Release|Any CPU.ActiveCfg = Release|Any CPU
		{DE943885-D4CE-49CC-887C-35D7EB38B8B3}.Release|Any CPU.Build.0 = Release|Any CPU
	EndGlobalSection
	GlobalSection(SolutionProperties) = preSolution
		HideSolutionNode = FALSE
	EndGlobalSection
	GlobalSection(ExtensibilityGlobals) = postSolution
		SolutionGuid = {1ABE370B-DFF7-494C-BB97-A60CDA168B73}
	EndGlobalSection
EndGlobal
